
Microsoft Visual Studio Solution File, Format Version 12.00
# Visual Studio Version 17
VisualStudioVersion = 17.14.36623.8
MinimumVisualStudioVersion = 10.0.40219.1
Project("{FAE04EC0-301F-11D3-BF4B-00C04F79EFBC}") = "Task1_1", "Task1_1\Task1_1.csproj", "{084D342E-89BF-427A-8F4E-4C7A03D7AA77}"
EndProject
Project("{FAE04EC0-301F-11D3-BF4B-00C04F79EFBC}") = "Task1_2", "Task1_2\Task1_2.csproj", "{CB50C287-83A4-433C-AC75-B37E89CFB1E3}"
EndProject
Project("{FAE04EC0-301F-11D3-BF4B-00C04F79EFBC}") = "Task1_3", "Task1_3\Task1_3.csproj", "{CFACB5BA-D853-4805-A1EF-FB1FA820BAB2}"
EndProject
Project("{FAE04EC0-301F-11D3-BF4B-00C04F79EFBC}") = "Task2", "Task2\Task2.csproj", "{C6504EFA-A1F2-4CCE-8173-59624ADC0E99}"
EndProject
Global
	GlobalSection(SolutionConfigurationPlatforms) = preSolution
		Debug|Any CPU = Debug|Any CPU
		Release|Any CPU = Release|Any CPU
	EndGlobalSection
	GlobalSection(ProjectConfigurationPlatforms) = postSolution
		{084D342E-89BF-427A-8F4E-4C7A03D7AA77}.Debug|Any CPU.ActiveCfg = Debug|Any CPU
		{084D342E-89BF-427A-8F4E-4C7A03D7AA77}.Debug|Any CPU.Build.0 = Debug|Any CPU
		{084D342E-89BF-427A-8F4E-4C7A03D7AA77}.Release|Any CPU.ActiveCfg = Release|Any CPU
		{084D342E-89BF-427A-8F4E-4C7A03D7AA77}.Release|Any CPU.Build.0 = Release|Any CPU
		{CB50C287-83A4-433C-AC75-B37E89CFB1E3}.Debug|Any CPU.ActiveCfg = Debug|Any CPU
		{CB50C287-83A4-433C-AC75-B37E89CFB1E3}.Debug|Any CPU.Build.0 = Debug|Any CPU
		{CB50C287-83A4-433C-AC75-B37E89CFB1E3}.Release|Any CPU.ActiveCfg = Release|Any CPU
		{CB50C287-83A4-433C-AC75-B37E89CFB1E3}.Release|Any CPU.Build.0 = Release|Any CPU
		{CFACB5BA-D853-4805-A1EF-FB1FA820BAB2}.Debug|Any CPU.ActiveCfg = Debug|Any CPU
		{CFACB5BA-D853-4805-A1EF-FB1FA820BAB2}.Debug|Any CPU.Build.0 = Debug|Any CPU
		{CFACB5BA-D853-4805-A1EF-FB1FA820BAB2}.Release|Any CPU.ActiveCfg = Release|Any CPU
		{CFACB5BA-D853-4805-A1EF-FB1FA820BAB2}.Release|Any CPU.Build.0 = Release|Any CPU
		{C6504EFA-A1F2-4CCE-8173-59624ADC0E99}.Debug|Any CPU.ActiveCfg = Debug|Any CPU
		{C6504EFA-A1F2-4CCE-8173-59624ADC0E99}.Debug|Any CPU.Build.0 = Debug|Any CPU
		{C6504EFA-A1F2-4CCE-8173-59624ADC0E99}.Release|Any CPU.ActiveCfg = Release|Any CPU
		{C6504EFA-A1F2-4CCE-8173-59624ADC0E99}.Release|Any CPU.Build.0 = Release|Any CPU
	EndGlobalSection
	GlobalSection(SolutionProperties) = preSolution
		HideSolutionNode = FALSE
	EndGlobalSection
	GlobalSection(ExtensibilityGlobals) = postSolution
		SolutionGuid = {D79825C2-7F36-419D-A45D-2CBC5036C85A}
	EndGlobalSection
EndGlobal
